
Microsoft Visual Studio Solution File, Format Version 12.00
# Visual Studio Version 17
VisualStudioVersion = 17.4.33205.214
MinimumVisualStudioVersion = 10.0.40219.1
Project("{FAE04EC0-301F-11D3-BF4B-00C04F79EFBC}") = "not a fighting", "not a fighting\not a fighting.csproj", "{45FCA53A-821D-45E0-A949-1CD6A0D6558F}"
EndProject
Global
	GlobalSection(SolutionConfigurationPlatforms) = preSolution
		Debug|Any CPU = Debug|Any CPU
		Release|Any CPU = Release|Any CPU
	EndGlobalSection
	GlobalSection(ProjectConfigurationPlatforms) = postSolution
		{45FCA53A-821D-45E0-A949-1CD6A0D6558F}.Debug|Any CPU.ActiveCfg = Debug|Any CPU
		{45FCA53A-821D-45E0-A949-1CD6A0D6558F}.Debug|Any CPU.Build.0 = Debug|Any CPU
		{45FCA53A-821D-45E0-A949-1CD6A0D6558F}.Release|Any CPU.ActiveCfg = Release|Any CPU
		{45FCA53A-821D-45E0-A949-1CD6A0D6558F}.Release|Any CPU.Build.0 = Release|Any CPU
	EndGlobalSection
	GlobalSection(SolutionProperties) = preSolution
		HideSolutionNode = FALSE
	EndGlobalSection
	GlobalSection(ExtensibilityGlobals) = postSolution
		SolutionGuid = {E35F53C3-C139-494B-8B09-0CBDC217B782}
	EndGlobalSection
EndGlobal
